
Microsoft Visual Studio Solution File, Format Version 12.00
# Visual Studio Version 17
VisualStudioVersion = 17.13.35931.197
MinimumVisualStudioVersion = 10.0.40219.1
Project("{FAE04EC0-301F-11D3-BF4B-00C04F79EFBC}") = "Portifolio.Dominio", "WkTecnology.Domain\Portifolio.Dominio.csproj", "{FB544EAA-26CC-4442-8391-B5D87C18F540}"
EndProject
Project("{2150E333-8FDC-42A3-9474-1A3956D46DE8}") = "Servicos", "Servicos", "{02EA681E-C7D8-13C7-8484-4AC65E1B71E8}"
EndProject
Project("{2150E333-8FDC-42A3-9474-1A3956D46DE8}") = "Portifolio", "Portifolio", "{18E6BE21-E3F7-4419-BCBA-94F9FEF85D27}"
EndProject
Project("{FAE04EC0-301F-11D3-BF4B-00C04F79EFBC}") = "Portifolio.Infraestrutura", "WkTecnology.Infra\Portifolio.Infraestrutura.csproj", "{D3CC6102-9127-471C-8530-92CB1AF7A298}"
EndProject
Project("{FAE04EC0-301F-11D3-BF4B-00C04F79EFBC}") = "Portifolio.Aplicacao", "WkTecnology.Aplicacao\Portifolio.Aplicacao.csproj", "{670E9B90-2BB1-4631-AE4B-C5C47DAAD352}"
EndProject
Project("{2150E333-8FDC-42A3-9474-1A3956D46DE8}") = "Api", "Api", "{EE667042-CC72-42D3-A235-A02809F2E6DB}"
EndProject
Project("{FAE04EC0-301F-11D3-BF4B-00C04F79EFBC}") = "WkTecnology.WebAPI", "WkTecnology.WebAPI\WkTecnology.WebAPI.csproj", "{7A26BEE4-E1FA-4D7D-8F45-4A6053478C11}"
EndProject
Project("{FAE04EC0-301F-11D3-BF4B-00C04F79EFBC}") = "WkTecnology.Core", "WkTecnology.Core\WkTecnology.Core.csproj", "{0BF6FD38-CD13-47AA-97EA-7A82A450ABE3}"
EndProject
Project("{2150E333-8FDC-42A3-9474-1A3956D46DE8}") = "Core", "Core", "{17309521-9E6E-4073-9898-2A8E90524978}"
EndProject
Project("{2150E333-8FDC-42A3-9474-1A3956D46DE8}") = "Presentation", "Presentation", "{12A46833-2739-4477-9A68-F33B77E5ABFC}"
EndProject
Project("{2150E333-8FDC-42A3-9474-1A3956D46DE8}") = "Testes", "Testes", "{0DE96D25-A8F3-4D91-B37F-168E3807E9ED}"
EndProject
Project("{2150E333-8FDC-42A3-9474-1A3956D46DE8}") = "Unidade", "Unidade", "{82133321-5952-4E14-8769-AE41E5DD36D0}"
EndProject
Project("{FAE04EC0-301F-11D3-BF4B-00C04F79EFBC}") = "WkTecnology.Teste", "WkTecnology.Teste\WkTecnology.Teste.csproj", "{F024B673-3DBF-4120-87BC-8E4C9E225A8E}"
EndProject
Project("{2150E333-8FDC-42A3-9474-1A3956D46DE8}") = "Integration", "Integration", "{9AF2C154-CA3D-47CC-B7DE-3DE3B30B143E}"
EndProject
Project("{FAE04EC0-301F-11D3-BF4B-00C04F79EFBC}") = "wkTecnology.TesteIntegration", "wkTecnology.TesteIntegration\wkTecnology.TesteIntegration.csproj", "{0B8988BD-023D-4B53-BE1F-8088FC21C5B5}"
EndProject
Project("{54A90642-561A-4BB1-A94E-469ADEE60C69}") = "WkTecnology.Portifolio", "WkTecnology.Presentation\WkTecnology.Portifolio.esproj", "{FF714605-1585-B778-D566-FA92130E4C48}"
EndProject
Global
	GlobalSection(SolutionConfigurationPlatforms) = preSolution
		Debug|Any CPU = Debug|Any CPU
		Release|Any CPU = Release|Any CPU
	EndGlobalSection
	GlobalSection(ProjectConfigurationPlatforms) = postSolution
		{FB544EAA-26CC-4442-8391-B5D87C18F540}.Debug|Any CPU.ActiveCfg = Debug|Any CPU
		{FB544EAA-26CC-4442-8391-B5D87C18F540}.Debug|Any CPU.Build.0 = Debug|Any CPU
		{FB544EAA-26CC-4442-8391-B5D87C18F540}.Release|Any CPU.ActiveCfg = Release|Any CPU
		{FB544EAA-26CC-4442-8391-B5D87C18F540}.Release|Any CPU.Build.0 = Release|Any CPU
		{D3CC6102-9127-471C-8530-92CB1AF7A298}.Debug|Any CPU.ActiveCfg = Debug|Any CPU
		{D3CC6102-9127-471C-8530-92CB1AF7A298}.Debug|Any CPU.Build.0 = Debug|Any CPU
		{D3CC6102-9127-471C-8530-92CB1AF7A298}.Release|Any CPU.ActiveCfg = Release|Any CPU
		{D3CC6102-9127-471C-8530-92CB1AF7A298}.Release|Any CPU.Build.0 = Release|Any CPU
		{670E9B90-2BB1-4631-AE4B-C5C47DAAD352}.Debug|Any CPU.ActiveCfg = Debug|Any CPU
		{670E9B90-2BB1-4631-AE4B-C5C47DAAD352}.Debug|Any CPU.Build.0 = Debug|Any CPU
		{670E9B90-2BB1-4631-AE4B-C5C47DAAD352}.Release|Any CPU.ActiveCfg = Release|Any CPU
		{670E9B90-2BB1-4631-AE4B-C5C47DAAD352}.Release|Any CPU.Build.0 = Release|Any CPU
		{7A26BEE4-E1FA-4D7D-8F45-4A6053478C11}.Debug|Any CPU.ActiveCfg = Debug|Any CPU
		{7A26BEE4-E1FA-4D7D-8F45-4A6053478C11}.Debug|Any CPU.Build.0 = Debug|Any CPU
		{7A26BEE4-E1FA-4D7D-8F45-4A6053478C11}.Release|Any CPU.ActiveCfg = Release|Any CPU
		{7A26BEE4-E1FA-4D7D-8F45-4A6053478C11}.Release|Any CPU.Build.0 = Release|Any CPU
		{0BF6FD38-CD13-47AA-97EA-7A82A450ABE3}.Debug|Any CPU.ActiveCfg = Debug|Any CPU
		{0BF6FD38-CD13-47AA-97EA-7A82A450ABE3}.Debug|Any CPU.Build.0 = Debug|Any CPU
		{0BF6FD38-CD13-47AA-97EA-7A82A450ABE3}.Release|Any CPU.ActiveCfg = Release|Any CPU
		{0BF6FD38-CD13-47AA-97EA-7A82A450ABE3}.Release|Any CPU.Build.0 = Release|Any CPU
		{F024B673-3DBF-4120-87BC-8E4C9E225A8E}.Debug|Any CPU.ActiveCfg = Debug|Any CPU
		{F024B673-3DBF-4120-87BC-8E4C9E225A8E}.Debug|Any CPU.Build.0 = Debug|Any CPU
		{F024B673-3DBF-4120-87BC-8E4C9E225A8E}.Release|Any CPU.ActiveCfg = Release|Any CPU
		{F024B673-3DBF-4120-87BC-8E4C9E225A8E}.Release|Any CPU.Build.0 = Release|Any CPU
		{0B8988BD-023D-4B53-BE1F-8088FC21C5B5}.Debug|Any CPU.ActiveCfg = Debug|Any CPU
		{0B8988BD-023D-4B53-BE1F-8088FC21C5B5}.Debug|Any CPU.Build.0 = Debug|Any CPU
		{0B8988BD-023D-4B53-BE1F-8088FC21C5B5}.Release|Any CPU.ActiveCfg = Release|Any CPU
		{0B8988BD-023D-4B53-BE1F-8088FC21C5B5}.Release|Any CPU.Build.0 = Release|Any CPU
		{FF714605-1585-B778-D566-FA92130E4C48}.Debug|Any CPU.ActiveCfg = Debug|Any CPU
		{FF714605-1585-B778-D566-FA92130E4C48}.Debug|Any CPU.Build.0 = Debug|Any CPU
		{FF714605-1585-B778-D566-FA92130E4C48}.Debug|Any CPU.Deploy.0 = Debug|Any CPU
		{FF714605-1585-B778-D566-FA92130E4C48}.Release|Any CPU.ActiveCfg = Release|Any CPU
		{FF714605-1585-B778-D566-FA92130E4C48}.Release|Any CPU.Build.0 = Release|Any CPU
		{FF714605-1585-B778-D566-FA92130E4C48}.Release|Any CPU.Deploy.0 = Release|Any CPU
	EndGlobalSection
	GlobalSection(SolutionProperties) = preSolution
		HideSolutionNode = FALSE
	EndGlobalSection
	GlobalSection(NestedProjects) = preSolution
		{FB544EAA-26CC-4442-8391-B5D87C18F540} = {18E6BE21-E3F7-4419-BCBA-94F9FEF85D27}
		{18E6BE21-E3F7-4419-BCBA-94F9FEF85D27} = {02EA681E-C7D8-13C7-8484-4AC65E1B71E8}
		{D3CC6102-9127-471C-8530-92CB1AF7A298} = {18E6BE21-E3F7-4419-BCBA-94F9FEF85D27}
		{670E9B90-2BB1-4631-AE4B-C5C47DAAD352} = {18E6BE21-E3F7-4419-BCBA-94F9FEF85D27}
		{7A26BEE4-E1FA-4D7D-8F45-4A6053478C11} = {EE667042-CC72-42D3-A235-A02809F2E6DB}
		{0BF6FD38-CD13-47AA-97EA-7A82A450ABE3} = {17309521-9E6E-4073-9898-2A8E90524978}
		{82133321-5952-4E14-8769-AE41E5DD36D0} = {0DE96D25-A8F3-4D91-B37F-168E3807E9ED}
		{F024B673-3DBF-4120-87BC-8E4C9E225A8E} = {82133321-5952-4E14-8769-AE41E5DD36D0}
		{9AF2C154-CA3D-47CC-B7DE-3DE3B30B143E} = {0DE96D25-A8F3-4D91-B37F-168E3807E9ED}
		{0B8988BD-023D-4B53-BE1F-8088FC21C5B5} = {9AF2C154-CA3D-47CC-B7DE-3DE3B30B143E}
		{FF714605-1585-B778-D566-FA92130E4C48} = {12A46833-2739-4477-9A68-F33B77E5ABFC}
	EndGlobalSection
	GlobalSection(ExtensibilityGlobals) = postSolution
		SolutionGuid = {51D1C54C-236E-42DA-9944-F3FF9E41C62F}
	EndGlobalSection
EndGlobal
